
Microsoft Visual Studio Solution File, Format Version 12.00
# Visual Studio Version 17
VisualStudioVersion = 17.14.36212.18 d17.14
MinimumVisualStudioVersion = 10.0.40219.1
Project("{FAE04EC0-301F-11D3-BF4B-00C04F79EFBC}") = "ChatbotPart3", "ChatbotPart3\ChatbotPart3.csproj", "{73506B06-79C2-4F1F-A674-422BBA8ABA21}"
EndProject
Global
	GlobalSection(SolutionConfigurationPlatforms) = preSolution
		Debug|Any CPU = Debug|Any CPU
		Release|Any CPU = Release|Any CPU
	EndGlobalSection
	GlobalSection(ProjectConfigurationPlatforms) = postSolution
		{73506B06-79C2-4F1F-A674-422BBA8ABA21}.Debug|Any CPU.ActiveCfg = Debug|Any CPU
		{73506B06-79C2-4F1F-A674-422BBA8ABA21}.Debug|Any CPU.Build.0 = Debug|Any CPU
		{73506B06-79C2-4F1F-A674-422BBA8ABA21}.Release|Any CPU.ActiveCfg = Release|Any CPU
		{73506B06-79C2-4F1F-A674-422BBA8ABA21}.Release|Any CPU.Build.0 = Release|Any CPU
	EndGlobalSection
	GlobalSection(SolutionProperties) = preSolution
		HideSolutionNode = FALSE
	EndGlobalSection
	GlobalSection(ExtensibilityGlobals) = postSolution
		SolutionGuid = {AC1898C7-C066-419B-AF32-4217725ED763}
	EndGlobalSection
EndGlobal
